
Microsoft Visual Studio Solution File, Format Version 12.00
# Visual Studio 15
VisualStudioVersion = 15.0.26430.16
MinimumVisualStudioVersion = 10.0.40219.1
Project("{2150E333-8FDC-42A3-9474-1A3956D46DE8}") = "src", "src", "{ABBD6045-5447-4C9B-AF77-E9ACF4EE2641}"
EndProject
Project("{2150E333-8FDC-42A3-9474-1A3956D46DE8}") = "Solution Items", "Solution Items", "{E25A1CA7-1304-44D5-89BD-170AE8F0DED4}"
	ProjectSection(SolutionItems) = preProject
		NuGet.config = NuGet.config
		nupkg\pack.ps1 = nupkg\pack.ps1
		README.md = README.md
	EndProjectSection
EndProject
Project("{9A19103F-16F7-4668-BE54-9A1E7A4F7556}") = "FclEx", "src\FclEx\FclEx.csproj", "{C69BFE99-48DF-4508-B479-4ED6B6FD1C7C}"
EndProject
Project("{9A19103F-16F7-4668-BE54-9A1E7A4F7556}") = "FclEx.Json", "src\FclEx.Json\FclEx.Json.csproj", "{5148DC89-50BD-464B-B3E7-8414D8375516}"
EndProject
Project("{9A19103F-16F7-4668-BE54-9A1E7A4F7556}") = "FclEx.Mapper", "src\FclEx.Mapper\FclEx.Mapper.csproj", "{35781FEA-9DC2-4848-ADD0-3A9EB2A95B35}"
EndProject
Project("{9A19103F-16F7-4668-BE54-9A1E7A4F7556}") = "FclEx.Image", "src\FclEx.Image\FclEx.Image.csproj", "{473873D8-6C7A-4CAF-9490-E5D257D39D5C}"
EndProject
Project("{9A19103F-16F7-4668-BE54-9A1E7A4F7556}") = "FclEx.Logger", "src\FclEx.Logger\FclEx.Logger.csproj", "{56DB34BE-B01B-4A27-8EC4-44356BD77421}"
EndProject
Project("{2150E333-8FDC-42A3-9474-1A3956D46DE8}") = "test", "test", "{F25BD2B5-2E68-4CC8-90F0-6F1C1574D34A}"
EndProject
Project("{FAE04EC0-301F-11D3-BF4B-00C04F79EFBC}") = "FclEx.Test", "test\FclEx.Test\FclEx.Test.csproj", "{9BFAB3FA-CF18-4B88-9FCE-B0B76A704807}"
EndProject
Global
	GlobalSection(SolutionConfigurationPlatforms) = preSolution
		Debug|Any CPU = Debug|Any CPU
		Release|Any CPU = Release|Any CPU
	EndGlobalSection
	GlobalSection(ProjectConfigurationPlatforms) = postSolution
		{C69BFE99-48DF-4508-B479-4ED6B6FD1C7C}.Debug|Any CPU.ActiveCfg = Debug|Any CPU
		{C69BFE99-48DF-4508-B479-4ED6B6FD1C7C}.Debug|Any CPU.Build.0 = Debug|Any CPU
		{C69BFE99-48DF-4508-B479-4ED6B6FD1C7C}.Release|Any CPU.ActiveCfg = Release|Any CPU
		{C69BFE99-48DF-4508-B479-4ED6B6FD1C7C}.Release|Any CPU.Build.0 = Release|Any CPU
		{5148DC89-50BD-464B-B3E7-8414D8375516}.Debug|Any CPU.ActiveCfg = Debug|Any CPU
		{5148DC89-50BD-464B-B3E7-8414D8375516}.Debug|Any CPU.Build.0 = Debug|Any CPU
		{5148DC89-50BD-464B-B3E7-8414D8375516}.Release|Any CPU.ActiveCfg = Release|Any CPU
		{5148DC89-50BD-464B-B3E7-8414D8375516}.Release|Any CPU.Build.0 = Release|Any CPU
		{35781FEA-9DC2-4848-ADD0-3A9EB2A95B35}.Debug|Any CPU.ActiveCfg = Debug|Any CPU
		{35781FEA-9DC2-4848-ADD0-3A9EB2A95B35}.Debug|Any CPU.Build.0 = Debug|Any CPU
		{35781FEA-9DC2-4848-ADD0-3A9EB2A95B35}.Release|Any CPU.ActiveCfg = Release|Any CPU
		{35781FEA-9DC2-4848-ADD0-3A9EB2A95B35}.Release|Any CPU.Build.0 = Release|Any CPU
		{473873D8-6C7A-4CAF-9490-E5D257D39D5C}.Debug|Any CPU.ActiveCfg = Debug|Any CPU
		{473873D8-6C7A-4CAF-9490-E5D257D39D5C}.Debug|Any CPU.Build.0 = Debug|Any CPU
		{473873D8-6C7A-4CAF-9490-E5D257D39D5C}.Release|Any CPU.ActiveCfg = Release|Any CPU
		{473873D8-6C7A-4CAF-9490-E5D257D39D5C}.Release|Any CPU.Build.0 = Release|Any CPU
		{56DB34BE-B01B-4A27-8EC4-44356BD77421}.Debug|Any CPU.ActiveCfg = Debug|Any CPU
		{56DB34BE-B01B-4A27-8EC4-44356BD77421}.Debug|Any CPU.Build.0 = Debug|Any CPU
		{56DB34BE-B01B-4A27-8EC4-44356BD77421}.Release|Any CPU.ActiveCfg = Release|Any CPU
		{56DB34BE-B01B-4A27-8EC4-44356BD77421}.Release|Any CPU.Build.0 = Release|Any CPU
		{9BFAB3FA-CF18-4B88-9FCE-B0B76A704807}.Debug|Any CPU.ActiveCfg = Debug|Any CPU
		{9BFAB3FA-CF18-4B88-9FCE-B0B76A704807}.Debug|Any CPU.Build.0 = Debug|Any CPU
		{9BFAB3FA-CF18-4B88-9FCE-B0B76A704807}.Release|Any CPU.ActiveCfg = Release|Any CPU
		{9BFAB3FA-CF18-4B88-9FCE-B0B76A704807}.Release|Any CPU.Build.0 = Release|Any CPU
	EndGlobalSection
	GlobalSection(SolutionProperties) = preSolution
		HideSolutionNode = FALSE
	EndGlobalSection
	GlobalSection(NestedProjects) = preSolution
		{C69BFE99-48DF-4508-B479-4ED6B6FD1C7C} = {ABBD6045-5447-4C9B-AF77-E9ACF4EE2641}
		{5148DC89-50BD-464B-B3E7-8414D8375516} = {ABBD6045-5447-4C9B-AF77-E9ACF4EE2641}
		{35781FEA-9DC2-4848-ADD0-3A9EB2A95B35} = {ABBD6045-5447-4C9B-AF77-E9ACF4EE2641}
		{473873D8-6C7A-4CAF-9490-E5D257D39D5C} = {ABBD6045-5447-4C9B-AF77-E9ACF4EE2641}
		{56DB34BE-B01B-4A27-8EC4-44356BD77421} = {ABBD6045-5447-4C9B-AF77-E9ACF4EE2641}
		{9BFAB3FA-CF18-4B88-9FCE-B0B76A704807} = {F25BD2B5-2E68-4CC8-90F0-6F1C1574D34A}
	EndGlobalSection
	GlobalSection(ExtensibilityGlobals) = postSolution
		SolutionGuid = {F79FC760-FDD2-442C-897B-0CAE0A3E857F}
	EndGlobalSection
EndGlobal
