
Microsoft Visual Studio Solution File, Format Version 12.00
# Visual Studio 15
VisualStudioVersion = 15.0.26430.16
MinimumVisualStudioVersion = 10.0.40219.1
Project("{2150E333-8FDC-42A3-9474-1A3956D46DE8}") = "src", "src", "{ABBD6045-5447-4C9B-AF77-E9ACF4EE2641}"
EndProject
Project("{2150E333-8FDC-42A3-9474-1A3956D46DE8}") = "Solution Items", "Solution Items", "{E25A1CA7-1304-44D5-89BD-170AE8F0DED4}"
	ProjectSection(SolutionItems) = preProject
		nupkg\incre_ver.ps1 = nupkg\incre_ver.ps1
		NuGet.config = NuGet.config
		nupkg\pack.ps1 = nupkg\pack.ps1
		nupkg\pack.sh = nupkg\pack.sh
		README.md = README.md
	EndProjectSection
EndProject
Project("{9A19103F-16F7-4668-BE54-9A1E7A4F7556}") = "FclEx", "src\FclEx\FclEx.csproj", "{C69BFE99-48DF-4508-B479-4ED6B6FD1C7C}"
EndProject
Project("{9A19103F-16F7-4668-BE54-9A1E7A4F7556}") = "FclEx.Image", "src\FclEx.Image\FclEx.Image.csproj", "{473873D8-6C7A-4CAF-9490-E5D257D39D5C}"
EndProject
Project("{2150E333-8FDC-42A3-9474-1A3956D46DE8}") = "test", "test", "{F25BD2B5-2E68-4CC8-90F0-6F1C1574D34A}"
EndProject
Project("{9A19103F-16F7-4668-BE54-9A1E7A4F7556}") = "FclEx.Test", "test\FclEx.Test\FclEx.Test.csproj", "{9BFAB3FA-CF18-4B88-9FCE-B0B76A704807}"
EndProject
Project("{9A19103F-16F7-4668-BE54-9A1E7A4F7556}") = "FclEx.Http", "src\FclEx.Http\FclEx.Http.csproj", "{58CD6355-DFEC-4383-B04D-60150270DEA2}"
EndProject
Project("{9A19103F-16F7-4668-BE54-9A1E7A4F7556}") = "FclEx.Http.Test", "test\FclEx.Http.Test\FclEx.Http.Test.csproj", "{E62BB49F-1731-4C68-8654-20D2E49EB0A0}"
EndProject
Project("{9A19103F-16F7-4668-BE54-9A1E7A4F7556}") = "FclEx.Benchmark", "performance\FclEx.Benchmark\FclEx.Benchmark.csproj", "{A47C0FFA-3314-439F-9857-322FF6035A8F}"
EndProject
Project("{2150E333-8FDC-42A3-9474-1A3956D46DE8}") = "benchmark", "benchmark", "{82145F29-EBC3-49B3-A96C-0CA1F040E231}"
EndProject
Project("{9A19103F-16F7-4668-BE54-9A1E7A4F7556}") = "FclEx.Fm", "src\FclEx.Fm\FclEx.Fm.csproj", "{6968D28A-DC8A-47AD-A058-ECA28ADA8271}"
EndProject
Global
	GlobalSection(SolutionConfigurationPlatforms) = preSolution
		Debug|Any CPU = Debug|Any CPU
		Release|Any CPU = Release|Any CPU
	EndGlobalSection
	GlobalSection(ProjectConfigurationPlatforms) = postSolution
		{C69BFE99-48DF-4508-B479-4ED6B6FD1C7C}.Debug|Any CPU.ActiveCfg = Debug|Any CPU
		{C69BFE99-48DF-4508-B479-4ED6B6FD1C7C}.Debug|Any CPU.Build.0 = Debug|Any CPU
		{C69BFE99-48DF-4508-B479-4ED6B6FD1C7C}.Release|Any CPU.ActiveCfg = Release|Any CPU
		{C69BFE99-48DF-4508-B479-4ED6B6FD1C7C}.Release|Any CPU.Build.0 = Release|Any CPU
		{473873D8-6C7A-4CAF-9490-E5D257D39D5C}.Debug|Any CPU.ActiveCfg = Debug|Any CPU
		{473873D8-6C7A-4CAF-9490-E5D257D39D5C}.Debug|Any CPU.Build.0 = Debug|Any CPU
		{473873D8-6C7A-4CAF-9490-E5D257D39D5C}.Release|Any CPU.ActiveCfg = Release|Any CPU
		{473873D8-6C7A-4CAF-9490-E5D257D39D5C}.Release|Any CPU.Build.0 = Release|Any CPU
		{9BFAB3FA-CF18-4B88-9FCE-B0B76A704807}.Debug|Any CPU.ActiveCfg = Debug|Any CPU
		{9BFAB3FA-CF18-4B88-9FCE-B0B76A704807}.Debug|Any CPU.Build.0 = Debug|Any CPU
		{9BFAB3FA-CF18-4B88-9FCE-B0B76A704807}.Release|Any CPU.ActiveCfg = Release|Any CPU
		{9BFAB3FA-CF18-4B88-9FCE-B0B76A704807}.Release|Any CPU.Build.0 = Release|Any CPU
		{58CD6355-DFEC-4383-B04D-60150270DEA2}.Debug|Any CPU.ActiveCfg = Debug|Any CPU
		{58CD6355-DFEC-4383-B04D-60150270DEA2}.Debug|Any CPU.Build.0 = Debug|Any CPU
		{58CD6355-DFEC-4383-B04D-60150270DEA2}.Release|Any CPU.ActiveCfg = Release|Any CPU
		{58CD6355-DFEC-4383-B04D-60150270DEA2}.Release|Any CPU.Build.0 = Release|Any CPU
		{E62BB49F-1731-4C68-8654-20D2E49EB0A0}.Debug|Any CPU.ActiveCfg = Debug|Any CPU
		{E62BB49F-1731-4C68-8654-20D2E49EB0A0}.Debug|Any CPU.Build.0 = Debug|Any CPU
		{E62BB49F-1731-4C68-8654-20D2E49EB0A0}.Release|Any CPU.ActiveCfg = Release|Any CPU
		{E62BB49F-1731-4C68-8654-20D2E49EB0A0}.Release|Any CPU.Build.0 = Release|Any CPU
		{A47C0FFA-3314-439F-9857-322FF6035A8F}.Debug|Any CPU.ActiveCfg = Debug|Any CPU
		{A47C0FFA-3314-439F-9857-322FF6035A8F}.Debug|Any CPU.Build.0 = Debug|Any CPU
		{A47C0FFA-3314-439F-9857-322FF6035A8F}.Release|Any CPU.ActiveCfg = Release|Any CPU
		{A47C0FFA-3314-439F-9857-322FF6035A8F}.Release|Any CPU.Build.0 = Release|Any CPU
		{6968D28A-DC8A-47AD-A058-ECA28ADA8271}.Debug|Any CPU.ActiveCfg = Debug|Any CPU
		{6968D28A-DC8A-47AD-A058-ECA28ADA8271}.Debug|Any CPU.Build.0 = Debug|Any CPU
		{6968D28A-DC8A-47AD-A058-ECA28ADA8271}.Release|Any CPU.ActiveCfg = Release|Any CPU
		{6968D28A-DC8A-47AD-A058-ECA28ADA8271}.Release|Any CPU.Build.0 = Release|Any CPU
	EndGlobalSection
	GlobalSection(SolutionProperties) = preSolution
		HideSolutionNode = FALSE
	EndGlobalSection
	GlobalSection(NestedProjects) = preSolution
		{C69BFE99-48DF-4508-B479-4ED6B6FD1C7C} = {ABBD6045-5447-4C9B-AF77-E9ACF4EE2641}
		{473873D8-6C7A-4CAF-9490-E5D257D39D5C} = {ABBD6045-5447-4C9B-AF77-E9ACF4EE2641}
		{9BFAB3FA-CF18-4B88-9FCE-B0B76A704807} = {F25BD2B5-2E68-4CC8-90F0-6F1C1574D34A}
		{58CD6355-DFEC-4383-B04D-60150270DEA2} = {ABBD6045-5447-4C9B-AF77-E9ACF4EE2641}
		{E62BB49F-1731-4C68-8654-20D2E49EB0A0} = {F25BD2B5-2E68-4CC8-90F0-6F1C1574D34A}
		{A47C0FFA-3314-439F-9857-322FF6035A8F} = {82145F29-EBC3-49B3-A96C-0CA1F040E231}
		{6968D28A-DC8A-47AD-A058-ECA28ADA8271} = {ABBD6045-5447-4C9B-AF77-E9ACF4EE2641}
	EndGlobalSection
	GlobalSection(ExtensibilityGlobals) = postSolution
		SolutionGuid = {F79FC760-FDD2-442C-897B-0CAE0A3E857F}
	EndGlobalSection
EndGlobal
